annotated-types==0.8.0
anyio==4.15.1
attrs==26.1.0
bracex==3.0.1
certifi==2026.7.22
colorama==0.4.6
dockerfile-parse==2.0.1
e2b==2.26.0
editables==0.5
h11==0.16.0
h2==4.4.1
hatchling==1.27.0
hpack==4.2.0
httpcore==1.0.9
httpx==0.28.1
hyperframe==6.1.0
idna==3.19
iniconfig==2.3.0
mando==0.7.1
markdown-it-py==4.2.0
mdurl==0.1.2
mypy==1.17.1
mypy-extensions==1.1.0
packaging==26.3
pathspec==1.1.1
pluggy==1.6.0
protobuf==7.36.1
pydantic==2.11.7
pydantic-core==2.33.2
pygments==2.21.0
pytest==8.4.1
python-dateutil==2.9.0.post0
radon==6.0.1
rich==15.0.0
ruff==0.12.9
six==1.17.0
trove-classifiers==2026.6.1.19
typing-extensions==4.16.0
typing-inspection==0.4.4
wcmatch==10.2.1
