agnost==0.1.13
aiohappyeyeballs==2.7.1
aiohttp==3.14.3
aiosignal==1.4.0
annotated-types==0.8.0
anyio==4.15.1
attrs==26.1.0
autogen-agentchat==0.7.5
autogen-core==0.7.5
certifi==2026.7.22
charset-normalizer==3.5.1
colorama==0.4.6
dacite==1.9.2
editables==0.5
frozenlist==1.8.0
googleapis-common-protos==1.75.0
h11==0.16.0
hatchling==1.27.0
httpcore==1.0.9
httpx==0.28.1
idna==3.19
iniconfig==2.3.0
jsonref==1.1.0
mando==0.7.1
multidict==6.7.1
mypy==1.17.1
mypy-extensions==1.1.0
neatlogs==1.4.21
openinference-instrumentation==0.1.61
openinference-instrumentation-agno==1.0.7
openinference-instrumentation-anthropic==2.1.2
openinference-instrumentation-autogen-agentchat==0.1.15
openinference-instrumentation-bedrock==0.1.51
openinference-instrumentation-crewai==1.1.16
openinference-instrumentation-dspy==0.1.43
openinference-instrumentation-google-adk==0.1.25
openinference-instrumentation-google-genai==1.4.5
openinference-instrumentation-groq==0.1.24
openinference-instrumentation-guardrails==0.1.20
openinference-instrumentation-haystack==0.1.40
openinference-instrumentation-instructor==0.1.24
openinference-instrumentation-langchain==0.1.74
openinference-instrumentation-litellm==0.1.41
openinference-instrumentation-llama-index==4.5.0
openinference-instrumentation-mcp==2.0.9
openinference-instrumentation-mistralai==2.1.4
openinference-instrumentation-openai==0.1.58
openinference-instrumentation-openai-agents==2.2.1
openinference-instrumentation-portkey==0.1.17
openinference-instrumentation-pydantic-ai==0.1.25
openinference-instrumentation-smolagents==0.1.38
openinference-instrumentation-vertexai==0.1.23
openinference-semantic-conventions==0.1.35
opentelemetry-api==1.44.0
opentelemetry-exporter-otlp-proto-common==1.44.0
opentelemetry-exporter-otlp-proto-http==1.44.0
opentelemetry-instrumentation==0.65b0
opentelemetry-instrumentation-aiohttp-client==0.65b0
opentelemetry-instrumentation-httpx==0.65b0
opentelemetry-instrumentation-logging==0.65b0
opentelemetry-instrumentation-requests==0.65b0
opentelemetry-instrumentation-threading==0.65b0
opentelemetry-instrumentation-urllib3==0.65b0
opentelemetry-proto==1.44.0
opentelemetry-sdk==1.44.0
opentelemetry-semantic-conventions==0.65b0
opentelemetry-util-http==0.65b0
packaging==26.3
pathspec==1.1.1
pillow==12.3.0
pluggy==1.6.0
propcache==0.5.2
protobuf==5.29.6
pydantic==2.11.7
pydantic-core==2.33.2
pygments==2.21.0
pytest==8.4.1
radon==6.0.1
requests==2.34.2
ruff==0.12.9
setuptools==84.0.0
six==1.17.0
trove-classifiers==2026.6.1.19
typing-extensions==4.16.0
typing-inspection==0.4.4
urllib3==2.7.0
wrapt==2.4.0
yarl==1.24.5
