annotated-types==0.8.0
colorama==0.4.6
editables==0.5
hatchling==1.27.0
iniconfig==2.3.0
mando==0.7.1
mypy==1.17.1
mypy-extensions==1.1.0
packaging==26.3
pathspec==1.1.1
pluggy==1.6.0
pydantic==2.11.7
pydantic-core==2.33.2
pygments==2.21.0
pytest==8.4.1
radon==6.0.1
ruff==0.12.9
six==1.17.0
trove-classifiers==2026.6.1.19
typing-extensions==4.16.0
typing-inspection==0.4.4
